
Microsoft Visual Studio Solution File, Format Version 12.00
Project("{FAE04EC0-301F-11D3-BF4B-00C04F79EFBC}") = "Classes", "Classes.csproj", "{94CB5E77-7CC7-4FB5-95E0-67A0E0176C98}"
EndProject
Global
	GlobalSection(SolutionConfigurationPlatforms) = preSolution
		Debug|Any CPU = Debug|Any CPU
		Release|Any CPU = Release|Any CPU
	EndGlobalSection
	GlobalSection(ProjectConfigurationPlatforms) = postSolution
		{94CB5E77-7CC7-4FB5-95E0-67A0E0176C98}.Debug|Any CPU.ActiveCfg = Debug|Any CPU
		{94CB5E77-7CC7-4FB5-95E0-67A0E0176C98}.Debug|Any CPU.Build.0 = Debug|Any CPU
		{94CB5E77-7CC7-4FB5-95E0-67A0E0176C98}.Release|Any CPU.ActiveCfg = Release|Any CPU
		{94CB5E77-7CC7-4FB5-95E0-67A0E0176C98}.Release|Any CPU.Build.0 = Release|Any CPU
	EndGlobalSection
EndGlobal
