
Microsoft Visual Studio Solution File, Format Version 12.00
Project("{FAE04EC0-301F-11D3-BF4B-00C04F79EFBC}") = "NET", "NET.csproj", "{24FAA0D6-80AE-47DB-A4EE-B7566498545A}"
EndProject
Global
	GlobalSection(SolutionConfigurationPlatforms) = preSolution
		Debug|Any CPU = Debug|Any CPU
		Release|Any CPU = Release|Any CPU
	EndGlobalSection
	GlobalSection(ProjectConfigurationPlatforms) = postSolution
		{24FAA0D6-80AE-47DB-A4EE-B7566498545A}.Debug|Any CPU.ActiveCfg = Debug|Any CPU
		{24FAA0D6-80AE-47DB-A4EE-B7566498545A}.Debug|Any CPU.Build.0 = Debug|Any CPU
		{24FAA0D6-80AE-47DB-A4EE-B7566498545A}.Release|Any CPU.ActiveCfg = Release|Any CPU
		{24FAA0D6-80AE-47DB-A4EE-B7566498545A}.Release|Any CPU.Build.0 = Release|Any CPU
	EndGlobalSection
EndGlobal
